
Microsoft Visual Studio Solution File, Format Version 12.00
# Visual Studio Version 17
VisualStudioVersion = 17.5.002.0
MinimumVisualStudioVersion = 10.0.40219.1
Project("{9A19103F-16F7-4668-BE54-9A1E7A4F7556}") = "ATTUnlockedSecondFloor", "ATTUnlockedSecondFloor.csproj", "{C8E0DF79-D36C-4721-BECE-AD719BF7E076}"
EndProject
Global
	GlobalSection(SolutionConfigurationPlatforms) = preSolution
		Debug|Any CPU = Debug|Any CPU
		Release|Any CPU = Release|Any CPU
	EndGlobalSection
	GlobalSection(ProjectConfigurationPlatforms) = postSolution
		{C8E0DF79-D36C-4721-BECE-AD719BF7E076}.Debug|Any CPU.ActiveCfg = Debug|Any CPU
		{C8E0DF79-D36C-4721-BECE-AD719BF7E076}.Debug|Any CPU.Build.0 = Debug|Any CPU
		{C8E0DF79-D36C-4721-BECE-AD719BF7E076}.Release|Any CPU.ActiveCfg = Release|Any CPU
		{C8E0DF79-D36C-4721-BECE-AD719BF7E076}.Release|Any CPU.Build.0 = Release|Any CPU
	EndGlobalSection
	GlobalSection(SolutionProperties) = preSolution
		HideSolutionNode = FALSE
	EndGlobalSection
	GlobalSection(ExtensibilityGlobals) = postSolution
		SolutionGuid = {0D4D192C-48B8-48B1-90B3-C629C52FB079}
	EndGlobalSection
EndGlobal
